
Microsoft Visual Studio Solution File, Format Version 12.00
# Visual Studio Version 16
VisualStudioVersion = 16.0.31129.286
MinimumVisualStudioVersion = 10.0.40219.1
Project("{FAE04EC0-301F-11D3-BF4B-00C04F79EFBC}") = "OrgInfoStats", "OrgInfoStats\OrgInfoStats.csproj", "{A39D51E1-EF1E-4227-B7E1-52A935B632EB}"
EndProject
Project("{2150E333-8FDC-42A3-9474-1A3956D46DE8}") = "Tests", "Tests", "{CF884EFB-74B5-4BFD-AA3C-41D4087CDB4E}"
EndProject
Project("{FAE04EC0-301F-11D3-BF4B-00C04F79EFBC}") = "OrgInfoStats.Tests", "OrgInfoStats.Tests\OrgInfoStats.Tests.csproj", "{153E90C2-C8B3-4E60-974D-62447FFF31E6}"
EndProject
Global
	GlobalSection(SolutionConfigurationPlatforms) = preSolution
		Debug|Any CPU = Debug|Any CPU
		Release|Any CPU = Release|Any CPU
	EndGlobalSection
	GlobalSection(ProjectConfigurationPlatforms) = postSolution
		{A39D51E1-EF1E-4227-B7E1-52A935B632EB}.Debug|Any CPU.ActiveCfg = Debug|Any CPU
		{A39D51E1-EF1E-4227-B7E1-52A935B632EB}.Debug|Any CPU.Build.0 = Debug|Any CPU
		{A39D51E1-EF1E-4227-B7E1-52A935B632EB}.Release|Any CPU.ActiveCfg = Release|Any CPU
		{A39D51E1-EF1E-4227-B7E1-52A935B632EB}.Release|Any CPU.Build.0 = Release|Any CPU
		{153E90C2-C8B3-4E60-974D-62447FFF31E6}.Debug|Any CPU.ActiveCfg = Debug|Any CPU
		{153E90C2-C8B3-4E60-974D-62447FFF31E6}.Debug|Any CPU.Build.0 = Debug|Any CPU
		{153E90C2-C8B3-4E60-974D-62447FFF31E6}.Release|Any CPU.ActiveCfg = Release|Any CPU
		{153E90C2-C8B3-4E60-974D-62447FFF31E6}.Release|Any CPU.Build.0 = Release|Any CPU
	EndGlobalSection
	GlobalSection(SolutionProperties) = preSolution
		HideSolutionNode = FALSE
	EndGlobalSection
	GlobalSection(NestedProjects) = preSolution
		{153E90C2-C8B3-4E60-974D-62447FFF31E6} = {CF884EFB-74B5-4BFD-AA3C-41D4087CDB4E}
	EndGlobalSection
	GlobalSection(ExtensibilityGlobals) = postSolution
		SolutionGuid = {BB24D0DA-0336-4246-98A6-B9565A1CEF91}
	EndGlobalSection
EndGlobal
